Microsoft Visual Studio Solution File, Format Version 12.00
# Visual Studio Version 17
VisualStudioVersion = 17.5.2.0
MinimumVisualStudioVersion = 10.0.40219.1
Project("{FAE04EC0-301F-11D3-BF4B-00C04F79EFBC}") = "Service-One", "Service-One\Service-One.csproj", "{145D793D-540B-7DD0-A0B8-046F56C97222}"
EndProject
Project("{FAE04EC0-301F-11D3-BF4B-00C04F79EFBC}") = "Service-Two", "Service-Two\Service-Two.csproj", "{3D1528DB-3217-C54D-7B45-376DF0B83BAD}"
EndProject
Global
	GlobalSection(SolutionConfigurationPlatforms) = preSolution
		Debug|Any CPU = Debug|Any CPU
		Release|Any CPU = Release|Any CPU
	EndGlobalSection
	GlobalSection(ProjectConfigurationPlatforms) = postSolution
		{145D793D-540B-7DD0-A0B8-046F56C97222}.Debug|Any CPU.ActiveCfg = Debug|Any CPU
		{145D793D-540B-7DD0-A0B8-046F56C97222}.Debug|Any CPU.Build.0 = Debug|Any CPU
		{145D793D-540B-7DD0-A0B8-046F56C97222}.Release|Any CPU.ActiveCfg = Release|Any CPU
		{145D793D-540B-7DD0-A0B8-046F56C97222}.Release|Any CPU.Build.0 = Release|Any CPU
		{3D1528DB-3217-C54D-7B45-376DF0B83BAD}.Debug|Any CPU.ActiveCfg = Debug|Any CPU
		{3D1528DB-3217-C54D-7B45-376DF0B83BAD}.Debug|Any CPU.Build.0 = Debug|Any CPU
		{3D1528DB-3217-C54D-7B45-376DF0B83BAD}.Release|Any CPU.ActiveCfg = Release|Any CPU
		{3D1528DB-3217-C54D-7B45-376DF0B83BAD}.Release|Any CPU.Build.0 = Release|Any CPU
	EndGlobalSection
	GlobalSection(SolutionProperties) = preSolution
		HideSolutionNode = FALSE
	EndGlobalSection
	GlobalSection(ExtensibilityGlobals) = postSolution
		SolutionGuid = {CF81A54A-EF3E-4D07-8D59-5892C08DB077}
	EndGlobalSection
EndGlobal
